// !$*UTF8*$!
{
	archiveVersion = 1;
	classes = {
	};
	objectVersion = 56;
	objects = {

/* Begin PBXBuildFile section */
		4359376D2C72E00A00536D95 /* joinsessionView.swift in Sources */ = {isa = PBXBuildFile; fileRef = 4359376C2C72E00A00536D95 /* joinsessionView.swift */; };
		4359376F2C72E0C300536D95 /* homepage.swift in Sources */ = {isa = PBXBuildFile; fileRef = 4359376E2C72E0C300536D95 /* homepage.swift */; };
		43F945DD2C72377700599111 /* Cloudkit_sessionApp.swift in Sources */ = {isa = PBXBuildFile; fileRef = 43F945DC2C72377700599111 /* Cloudkit_sessionApp.swift */; };
		43F945E12C72377800599111 /* Assets.xcassets in Resources */ = {isa = PBXBuildFile; fileRef = 43F945E02C72377800599111 /* Assets.xcassets */; };
		43F945E42C72377800599111 /* Preview Assets.xcassets in Resources */ = {isa = PBXBuildFile; fileRef = 43F945E32C72377800599111 /* Preview Assets.xcassets */; };
		43F945EE2C72377800599111 /* Cloudkit_sessionTests.swift in Sources */ = {isa = PBXBuildFile; fileRef = 43F945ED2C72377800599111 /* Cloudkit_sessionTests.swift */; };
		43F945F82C72377800599111 /* Cloudkit_sessionUITests.swift in Sources */ = {isa = PBXBuildFile; fileRef = 43F945F72C72377800599111 /* Cloudkit_sessionUITests.swift */; };
		43F945FA2C72377800599111 /* Cloudkit_sessionUITestsLaunchTests.swift in Sources */ = {isa = PBXBuildFile; fileRef = 43F945F92C72377800599111 /* Cloudkit_sessionUITestsLaunchTests.swift */; };
		43F9460F2C72397B00599111 /* codeViewModel.swift in Sources */ = {isa = PBXBuildFile; fileRef = 43F9460E2C72397B00599111 /* codeViewModel.swift */; };
		43F946112C7239EA00599111 /* createSessionView.swift in Sources */ = {isa = PBXBuildFile; fileRef = 43F946102C7239EA00599111 /* createSessionView.swift */; };
		43F9461B2C72446800599111 /* checkuserVM.swift in Sources */ = {isa = PBXBuildFile; fileRef = 43F9461A2C72446800599111 /* checkuserVM.swift */; };
/* End PBXBuildFile section */

/* Begin PBXContainerItemProxy section */
		43F945EA2C72377800599111 /* PBXContainerItemProxy */ = {
			isa = PBXContainerItemProxy;
			containerPortal = 43F945D12C72377700599111 /* Project object */;
			proxyType = 1;
			remoteGlobalIDString = 43F945D82C72377700599111;
			remoteInfo = Cloudkit_session;
		};
		43F945F42C72377800599111 /* PBXContainerItemProxy */ = {
			isa = PBXContainerItemProxy;
			containerPortal = 43F945D12C72377700599111 /* Project object */;
			proxyType = 1;
			remoteGlobalIDString = 43F945D82C72377700599111;
			remoteInfo = Cloudkit_session;
		};
/* End PBXContainerItemProxy section */

/* Begin PBXFileReference section */
		4359376C2C72E00A00536D95 /* joinsessionView.swift */ = {isa = PBXFileReference; lastKnownFileType = sourcecode.swift; path = joinsessionView.swift; sourceTree = "<group>"; };
		4359376E2C72E0C300536D95 /* homepage.swift */ = {isa = PBXFileReference; lastKnownFileType = sourcecode.swift; path = homepage.swift; sourceTree = "<group>"; };
		43F945D92C72377700599111 /* Cloudkit_session.app */ = {isa = PBXFileReference; explicitFileType = wrapper.application; includeInIndex = 0; path = Cloudkit_session.app; sourceTree = BUILT_PRODUCTS_DIR; };
		43F945DC2C72377700599111 /* Cloudkit_sessionApp.swift */ = {isa = PBXFileReference; lastKnownFileType = sourcecode.swift; path = Cloudkit_sessionApp.swift; sourceTree = "<group>"; };
		43F945E02C72377800599111 /* Assets.xcassets */ = {isa = PBXFileReference; lastKnownFileType = folder.assetcatalog; path = Assets.xcassets; sourceTree = "<group>"; };
		43F945E32C72377800599111 /* Preview Assets.xcassets */ = {isa = PBXFileReference; lastKnownFileType = folder.assetcatalog; path = "Preview Assets.xcassets"; sourceTree = "<group>"; };
		43F945E92C72377800599111 /* Cloudkit_sessionTests.xctest */ = {isa = PBXFileReference; explicitFileType = wrapper.cfbundle; includeInIndex = 0; path = Cloudkit_sessionTests.xctest; sourceTree = BUILT_PRODUCTS_DIR; };
		43F945ED2C72377800599111 /* Cloudkit_sessionTests.swift */ = {isa = PBXFileReference; lastKnownFileType = sourcecode.swift; path = Cloudkit_sessionTests.swift; sourceTree = "<group>"; };
		43F945F32C72377800599111 /* Cloudkit_sessionUITests.xctest */ = {isa = PBXFileReference; explicitFileType = wrapper.cfbundle; includeInIndex = 0; path = Cloudkit_sessionUITests.xctest; sourceTree = BUILT_PRODUCTS_DIR; };
		43F945F72C72377800599111 /* Cloudkit_sessionUITests.swift */ = {isa = PBXFileReference; lastKnownFileType = sourcecode.swift; path = Cloudkit_sessionUITests.swift; sourceTree = "<group>"; };
		43F945F92C72377800599111 /* Cloudkit_sessionUITestsLaunchTests.swift */ = {isa = PBXFileReference; lastKnownFileType = sourcecode.swift; path = Cloudkit_sessionUITestsLaunchTests.swift; sourceTree = "<group>"; };
		43F946062C72378700599111 /* Cloudkit_session.entitlements */ = {isa = PBXFileReference; lastKnownFileType = text.plist.entitlements; path = Cloudkit_session.entitlements; sourceTree = "<group>"; };
		43F9460E2C72397B00599111 /* codeViewModel.swift */ = {isa = PBXFileReference; lastKnownFileType = sourcecode.swift; path = codeViewModel.swift; sourceTree = "<group>"; };
		43F946102C7239EA00599111 /* createSessionView.swift */ = {isa = PBXFileReference; lastKnownFileType = sourcecode.swift; path = createSessionView.swift; sourceTree = "<group>"; };
		43F9461A2C72446800599111 /* checkuserVM.swift */ = {isa = PBXFileReference; lastKnownFileType = sourcecode.swift; path = checkuserVM.swift; sourceTree = "<group>"; };
/* End PBXFileReference section */

/* Begin PBXFrameworksBuildPhase section */
		43F945D62C72377700599111 /* Frameworks */ = {
			isa = PBXFrameworksBuildPhase;
			buildActionMask = 2147483647;
			files = (
			);
			runOnlyForDeploymentPostprocessing = 0;
		};
		43F945E62C72377800599111 /* Frameworks */ = {
			isa = PBXFrameworksBuildPhase;
			buildActionMask = 2147483647;
			files = (
			);
			runOnlyForDeploymentPostprocessing = 0;
		};
		43F945F02C72377800599111 /* Frameworks */ = {
			isa = PBXFrameworksBuildPhase;
			buildActionMask = 2147483647;
			files = (
			);
			runOnlyForDeploymentPostprocessing = 0;
		};
/* End PBXFrameworksBuildPhase section */

/* Begin PBXGroup section */
		43F945D02C72377700599111 = {
			isa = PBXGroup;
			children = (
				43F945DB2C72377700599111 /* Cloudkit_session */,
				43F945EC2C72377800599111 /* Cloudkit_sessionTests */,
				43F945F62C72377800599111 /* Cloudkit_sessionUITests */,
				43F945DA2C72377700599111 /* Products */,
			);
			sourceTree = "<group>";
		};
		43F945DA2C72377700599111 /* Products */ = {
			isa = PBXGroup;
			children = (
				43F945D92C72377700599111 /* Cloudkit_session.app */,
				43F945E92C72377800599111 /* Cloudkit_sessionTests.xctest */,
				43F945F32C72377800599111 /* Cloudkit_sessionUITests.xctest */,
			);
			name = Products;
			sourceTree = "<group>";
		};
		43F945DB2C72377700599111 /* Cloudkit_session */ = {
			isa = PBXGroup;
			children = (
				43F946062C72378700599111 /* Cloudkit_session.entitlements */,
				43F945DC2C72377700599111 /* Cloudkit_sessionApp.swift */,
				43F946092C7237F400599111 /* Model */,
				43F946082C7237E800599111 /* ViewModel */,
				43F946072C7237DA00599111 /* View */,
				43F945E02C72377800599111 /* Assets.xcassets */,
				43F945E22C72377800599111 /* Preview Content */,
			);
			path = Cloudkit_session;
			sourceTree = "<group>";
		};
		43F945E22C72377800599111 /* Preview Content */ = {
			isa = PBXGroup;
			children = (
				43F945E32C72377800599111 /* Preview Assets.xcassets */,
			);
			path = "Preview Content";
			sourceTree = "<group>";
		};
		43F945EC2C72377800599111 /* Cloudkit_sessionTests */ = {
			isa = PBXGroup;
			children = (
				43F945ED2C72377800599111 /* Cloudkit_sessionTests.swift */,
			);
			path = Cloudkit_sessionTests;
			sourceTree = "<group>";
		};
		43F945F62C72377800599111 /* Cloudkit_sessionUITests */ = {
			isa = PBXGroup;
			children = (
				43F945F72C72377800599111 /* Cloudkit_sessionUITests.swift */,
				43F945F92C72377800599111 /* Cloudkit_sessionUITestsLaunchTests.swift */,
			);
			path = Cloudkit_sessionUITests;
			sourceTree = "<group>";
		};
		43F946072C7237DA00599111 /* View */ = {
			isa = PBXGroup;
			children = (
				43F946102C7239EA00599111 /* createSessionView.swift */,
				4359376C2C72E00A00536D95 /* joinsessionView.swift */,
				4359376E2C72E0C300536D95 /* homepage.swift */,
			);
			path = View;
			sourceTree = "<group>";
		};
		43F946082C7237E800599111 /* ViewModel */ = {
			isa = PBXGroup;
			children = (
				43F9460E2C72397B00599111 /* codeViewModel.swift */,
				43F9461A2C72446800599111 /* checkuserVM.swift */,
			);
			path = ViewModel;
			sourceTree = "<group>";
		};
		43F946092C7237F400599111 /* Model */ = {
			isa = PBXGroup;
			children = (
			);
			path = Model;
			sourceTree = "<group>";
		};
/* End PBXGroup section */

/* Begin PBXNativeTarget section */
		43F945D82C72377700599111 /* Cloudkit_session */ = {
			isa = PBXNativeTarget;
			buildConfigurationList = 43F945FD2C72377800599111 /* Build configuration list for PBXNativeTarget "Cloudkit_session" */;
			buildPhases = (
				43F945D52C72377700599111 /* Sources */,
				43F945D62C72377700599111 /* Frameworks */,
				43F945D72C72377700599111 /* Resources */,
			);
			buildRules = (
			);
			dependencies = (
			);
			name = Cloudkit_session;
			productName = Cloudkit_session;
			productReference = 43F945D92C72377700599111 /* Cloudkit_session.app */;
			productType = "com.apple.product-type.application";
		};
		43F945E82C72377800599111 /* Cloudkit_sessionTests */ = {
			isa = PBXNativeTarget;
			buildConfigurationList = 43F946002C72377800599111 /* Build configuration list for PBXNativeTarget "Cloudkit_sessionTests" */;
			buildPhases = (
				43F945E52C72377800599111 /* Sources */,
				43F945E62C72377800599111 /* Frameworks */,
				43F945E72C72377800599111 /* Resources */,
			);
			buildRules = (
			);
			dependencies = (
				43F945EB2C72377800599111 /* PBXTargetDependency */,
			);
			name = Cloudkit_sessionTests;
			productName = Cloudkit_sessionTests;
			productReference = 43F945E92C72377800599111 /* Cloudkit_sessionTests.xctest */;
			productType = "com.apple.product-type.bundle.unit-test";
		};
		43F945F22C72377800599111 /* Cloudkit_sessionUITests */ = {
			isa = PBXNativeTarget;
			buildConfigurationList = 43F946032C72377800599111 /* Build configuration list for PBXNativeTarget "Cloudkit_sessionUITests" */;
			buildPhases = (
				43F945EF2C72377800599111 /* Sources */,
				43F945F02C72377800599111 /* Frameworks */,
				43F945F12C72377800599111 /* Resources */,
			);
			buildRules = (
			);
			dependencies = (
				43F945F52C72377800599111 /* PBXTargetDependency */,
			);
			name = Cloudkit_sessionUITests;
			productName = Cloudkit_sessionUITests;
			productReference = 43F945F32C72377800599111 /* Cloudkit_sessionUITests.xctest */;
			productType = "com.apple.product-type.bundle.ui-testing";
		};
/* End PBXNativeTarget section */

/* Begin PBXProject section */
		43F945D12C72377700599111 /* Project object */ = {
			isa = PBXProject;
			attributes = {
				BuildIndependentTargetsInParallel = 1;
				LastSwiftUpdateCheck = 1520;
				LastUpgradeCheck = 1520;
				TargetAttributes = {
					43F945D82C72377700599111 = {
						CreatedOnToolsVersion = 15.2;
					};
					43F945E82C72377800599111 = {
						CreatedOnToolsVersion = 15.2;
						TestTargetID = 43F945D82C72377700599111;
					};
					43F945F22C72377800599111 = {
						CreatedOnToolsVersion = 15.2;
						TestTargetID = 43F945D82C72377700599111;
					};
				};
			};
			buildConfigurationList = 43F945D42C72377700599111 /* Build configuration list for PBXProject "Cloudkit_session" */;
			compatibilityVersion = "Xcode 14.0";
			developmentRegion = en;
			hasScannedForEncodings = 0;
			knownRegions = (
				en,
				Base,
			);
			mainGroup = 43F945D02C72377700599111;
			productRefGroup = 43F945DA2C72377700599111 /* Products */;
			projectDirPath = "";
			projectRoot = "";
			targets = (
				43F945D82C72377700599111 /* Cloudkit_session */,
				43F945E82C72377800599111 /* Cloudkit_sessionTests */,
				43F945F22C72377800599111 /* Cloudkit_sessionUITests */,
			);
		};
/* End PBXProject section */

/* Begin PBXResourcesBuildPhase section */
		43F945D72C72377700599111 /* Resources */ = {
			isa = PBXResourcesBuildPhase;
			buildActionMask = 2147483647;
			files = (
				43F945E42C72377800599111 /* Preview Assets.xcassets in Resources */,
				43F945E12C72377800599111 /* Assets.xcassets in Resources */,
			);
			runOnlyForDeploymentPostprocessing = 0;
		};
		43F945E72C72377800599111 /* Resources */ = {
			isa = PBXResourcesBuildPhase;
			buildActionMask = 2147483647;
			files = (
			);
			runOnlyForDeploymentPostprocessing = 0;
		};
		43F945F12C72377800599111 /* Resources */ = {
			isa = PBXResourcesBuildPhase;
			buildActionMask = 2147483647;
			files = (
			);
			runOnlyForDeploymentPostprocessing = 0;
		};
/* End PBXResourcesBuildPhase section */

/* Begin PBXSourcesBuildPhase section */
		43F945D52C72377700599111 /* Sources */ = {
			isa = PBXSourcesBuildPhase;
			buildActionMask = 2147483647;
			files = (
				43F9461B2C72446800599111 /* checkuserVM.swift in Sources */,
				43F946112C7239EA00599111 /* createSessionView.swift in Sources */,
				43F9460F2C72397B00599111 /* codeViewModel.swift in Sources */,
				43F945DD2C72377700599111 /* Cloudkit_sessionApp.swift in Sources */,
				4359376D2C72E00A00536D95 /* joinsessionView.swift in Sources */,
				4359376F2C72E0C300536D95 /* homepage.swift in Sources */,
			);
			runOnlyForDeploymentPostprocessing = 0;
		};
		43F945E52C72377800599111 /* Sources */ = {
			isa = PBXSourcesBuildPhase;
			buildActionMask = 2147483647;
			files = (
				43F945EE2C72377800599111 /* Cloudkit_sessionTests.swift in Sources */,
			);
			runOnlyForDeploymentPostprocessing = 0;
		};
		43F945EF2C72377800599111 /* Sources */ = {
			isa = PBXSourcesBuildPhase;
			buildActionMask = 2147483647;
			files = (
				43F945FA2C72377800599111 /* Cloudkit_sessionUITestsLaunchTests.swift in Sources */,
				43F945F82C72377800599111 /* Cloudkit_sessionUITests.swift in Sources */,
			);
			runOnlyForDeploymentPostprocessing = 0;
		};
/* End PBXSourcesBuildPhase section */

/* Begin PBXTargetDependency section */
		43F945EB2C72377800599111 /* PBXTargetDependency */ = {
			isa = PBXTargetDependency;
			target = 43F945D82C72377700599111 /* Cloudkit_session */;
			targetProxy = 43F945EA2C72377800599111 /* PBXContainerItemProxy */;
		};
		43F945F52C72377800599111 /* PBXTargetDependency */ = {
			isa = PBXTargetDependency;
			target = 43F945D82C72377700599111 /* Cloudkit_session */;
			targetProxy = 43F945F42C72377800599111 /* PBXContainerItemProxy */;
		};
/* End PBXTargetDependency section */

/* Begin XCBuildConfiguration section */
		43F945FB2C72377800599111 /* Debug */ = {
			isa = XCBuildConfiguration;
			buildSettings = {
				ALWAYS_SEARCH_USER_PATHS = NO;
				ASSETCATALOG_COMPILER_GENERATE_SWIFT_ASSET_SYMBOL_EXTENSIONS = YES;
				CLANG_ANALYZER_NONNULL = YES;
				CLANG_ANALYZER_NUMBER_OBJECT_CONVERSION = YES_AGGRESSIVE;
				CLANG_CXX_LANGUAGE_STANDARD = "gnu++20";
				CLANG_ENABLE_MODULES = YES;
				CLANG_ENABLE_OBJC_ARC = YES;
				CLANG_ENABLE_OBJC_WEAK = YES;
				CLANG_WARN_BLOCK_CAPTURE_AUTORELEASING = YES;
				CLANG_WARN_BOOL_CONVERSION = YES;
				CLANG_WARN_COMMA = YES;
				CLANG_WARN_CONSTANT_CONVERSION = YES;
				CLANG_WARN_DEPRECATED_OBJC_IMPLEMENTATIONS = YES;
				CLANG_WARN_DIRECT_OBJC_ISA_USAGE = YES_ERROR;
				CLANG_WARN_DOCUMENTATION_COMMENTS = YES;
				CLANG_WARN_EMPTY_BODY = YES;
				CLANG_WARN_ENUM_CONVERSION = YES;
				CLANG_WARN_INFINITE_RECURSION = YES;
				CLANG_WARN_INT_CONVERSION = YES;
				CLANG_WARN_NON_LITERAL_NULL_CONVERSION = YES;
				CLANG_WARN_OBJC_IMPLICIT_RETAIN_SELF = YES;
				CLANG_WARN_OBJC_LITERAL_CONVERSION = YES;
				CLANG_WARN_OBJC_ROOT_CLASS = YES_ERROR;
				CLANG_WARN_QUOTED_INCLUDE_IN_FRAMEWORK_HEADER = YES;
				CLANG_WARN_RANGE_LOOP_ANALYSIS = YES;
				CLANG_WARN_STRICT_PROTOTYPES = YES;
				CLANG_WARN_SUSPICIOUS_MOVE = YES;
				CLANG_WARN_UNGUARDED_AVAILABILITY = YES_AGGRESSIVE;
				CLANG_WARN_UNREACHABLE_CODE = YES;
				CLANG_WARN__DUPLICATE_METHOD_MATCH = YES;
				COPY_PHASE_STRIP = NO;
				DEBUG_INFORMATION_FORMAT = dwarf;
				ENABLE_STRICT_OBJC_MSGSEND = YES;
				ENABLE_TESTABILITY = YES;
				ENABLE_USER_SCRIPT_SANDBOXING = YES;
				GCC_C_LANGUAGE_STANDARD = gnu17;
				GCC_DYNAMIC_NO_PIC = NO;
				GCC_NO_COMMON_BLOCKS = YES;
				GCC_OPTIMIZATION_LEVEL = 0;
				GCC_PREPROCESSOR_DEFINITIONS = (
					"DEBUG=1",
					"$(inherited)",
				);
				GCC_WARN_64_TO_32_BIT_CONVERSION = YES;
				GCC_WARN_ABOUT_RETURN_TYPE = YES_ERROR;
				GCC_WARN_UNDECLARED_SELECTOR = YES;
				GCC_WARN_UNINITIALIZED_AUTOS = YES_AGGRESSIVE;
				GCC_WARN_UNUSED_FUNCTION = YES;
				GCC_WARN_UNUSED_VARIABLE = YES;
				IPHONEOS_DEPLOYMENT_TARGET = 17.2;
				LOCALIZATION_PREFERS_STRING_CATALOGS = YES;
				MTL_ENABLE_DEBUG_INFO = INCLUDE_SOURCE;
				MTL_FAST_MATH = YES;
				ONLY_ACTIVE_ARCH = YES;
				SDKROOT = iphoneos;
				SWIFT_ACTIVE_COMPILATION_CONDITIONS = "DEBUG $(inherited)";
				SWIFT_OPTIMIZATION_LEVEL = "-Onone";
			};
			name = Debug;
		};
		43F945FC2C72377800599111 /* Release */ = {
			isa = XCBuildConfiguration;
			buildSettings = {
				ALWAYS_SEARCH_USER_PATHS = NO;
				ASSETCATALOG_COMPILER_GENERATE_SWIFT_ASSET_SYMBOL_EXTENSIONS = YES;
				CLANG_ANALYZER_NONNULL = YES;
				CLANG_ANALYZER_NUMBER_OBJECT_CONVERSION = YES_AGGRESSIVE;
				CLANG_CXX_LANGUAGE_STANDARD = "gnu++20";
				CLANG_ENABLE_MODULES = YES;
				CLANG_ENABLE_OBJC_ARC = YES;
				CLANG_ENABLE_OBJC_WEAK = YES;
				CLANG_WARN_BLOCK_CAPTURE_AUTORELEASING = YES;
				CLANG_WARN_BOOL_CONVERSION = YES;
				CLANG_WARN_COMMA = YES;
				CLANG_WARN_CONSTANT_CONVERSION = YES;
				CLANG_WARN_DEPRECATED_OBJC_IMPLEMENTATIONS = YES;
				CLANG_WARN_DIRECT_OBJC_ISA_USAGE = YES_ERROR;
				CLANG_WARN_DOCUMENTATION_COMMENTS = YES;
				CLANG_WARN_EMPTY_BODY = YES;
				CLANG_WARN_ENUM_CONVERSION = YES;
				CLANG_WARN_INFINITE_RECURSION = YES;
				CLANG_WARN_INT_CONVERSION = YES;
				CLANG_WARN_NON_LITERAL_NULL_CONVERSION = YES;
				CLANG_WARN_OBJC_IMPLICIT_RETAIN_SELF = YES;
				CLANG_WARN_OBJC_LITERAL_CONVERSION = YES;
				CLANG_WARN_OBJC_ROOT_CLASS = YES_ERROR;
				CLANG_WARN_QUOTED_INCLUDE_IN_FRAMEWORK_HEADER = YES;
				CLANG_WARN_RANGE_LOOP_ANALYSIS = YES;
				CLANG_WARN_STRICT_PROTOTYPES = YES;
				CLANG_WARN_SUSPICIOUS_MOVE = YES;
				CLANG_WARN_UNGUARDED_AVAILABILITY = YES_AGGRESSIVE;
				CLANG_WARN_UNREACHABLE_CODE = YES;
				CLANG_WARN__DUPLICATE_METHOD_MATCH = YES;
				COPY_PHASE_STRIP = NO;
				DEBUG_INFORMATION_FORMAT = "dwarf-with-dsym";
				ENABLE_NS_ASSERTIONS = NO;
				ENABLE_STRICT_OBJC_MSGSEND = YES;
				ENABLE_USER_SCRIPT_SANDBOXING = YES;
				GCC_C_LANGUAGE_STANDARD = gnu17;
				GCC_NO_COMMON_BLOCKS = YES;
				GCC_WARN_64_TO_32_BIT_CONVERSION = YES;
				GCC_WARN_ABOUT_RETURN_TYPE = YES_ERROR;
				GCC_WARN_UNDECLARED_SELECTOR = YES;
				GCC_WARN_UNINITIALIZED_AUTOS = YES_AGGRESSIVE;
				GCC_WARN_UNUSED_FUNCTION = YES;
				GCC_WARN_UNUSED_VARIABLE = YES;
				IPHONEOS_DEPLOYMENT_TARGET = 17.2;
				LOCALIZATION_PREFERS_STRING_CATALOGS = YES;
				MTL_ENABLE_DEBUG_INFO = NO;
				MTL_FAST_MATH = YES;
				SDKROOT = iphoneos;
				SWIFT_COMPILATION_MODE = wholemodule;
				VALIDATE_PRODUCT = YES;
			};
			name = Release;
		};
		43F945FE2C72377800599111 /* Debug */ = {
			isa = XCBuildConfiguration;
			buildSettings = {
				ASSETCATALOG_COMPILER_APPICON_NAME = AppIcon;
				ASSETCATALOG_COMPILER_GLOBAL_ACCENT_COLOR_NAME = AccentColor;
				CODE_SIGN_ENTITLEMENTS = Cloudkit_session/Cloudkit_session.entitlements;
				CODE_SIGN_STYLE = Automatic;
				CURRENT_PROJECT_VERSION = 1;
				DEVELOPMENT_ASSET_PATHS = "\"Cloudkit_session/Preview Content\"";
				DEVELOPMENT_TEAM = F7Q8Z8A9XT;
				ENABLE_PREVIEWS = YES;
				GENERATE_INFOPLIST_FILE = YES;
				INFOPLIST_KEY_UIApplicationSceneManifest_Generation = YES;
				INFOPLIST_KEY_UIApplicationSupportsIndirectInputEvents = YES;
				INFOPLIST_KEY_UILaunchScreen_Generation = YES;
				INFOPLIST_KEY_UISupportedInterfaceOrientations_iPad = "UIInterfaceOrientationPortrait UIInterfaceOrientationPortraitUpsideDown UIInterfaceOrientationLandscapeLeft UIInterfaceOrientationLandscapeRight";
				INFOPLIST_KEY_UISupportedInterfaceOrientations_iPhone = "UIInterfaceOrientationPortrait UIInterfaceOrientationLandscapeLeft UIInterfaceOrientationLandscapeRight";
				LD_RUNPATH_SEARCH_PATHS = (
					"$(inherited)",
					"@executable_path/Frameworks",
				);
				MARKETING_VERSION = 1.0;
				PRODUCT_BUNDLE_IDENTIFIER = "Kucing.Cloudkit-session";
				PRODUCT_NAME = "$(TARGET_NAME)";
				SWIFT_EMIT_LOC_STRINGS = YES;
				SWIFT_VERSION = 5.0;
				TARGETED_DEVICE_FAMILY = "1,2";
			};
			name = Debug;
		};
		43F945FF2C72377800599111 /* Release */ = {
			isa = XCBuildConfiguration;
			buildSettings = {
				ASSETCATALOG_COMPILER_APPICON_NAME = AppIcon;
				ASSETCATALOG_COMPILER_GLOBAL_ACCENT_COLOR_NAME = AccentColor;
				CODE_SIGN_ENTITLEMENTS = Cloudkit_session/Cloudkit_session.entitlements;
				CODE_SIGN_STYLE = Automatic;
				CURRENT_PROJECT_VERSION = 1;
				DEVELOPMENT_ASSET_PATHS = "\"Cloudkit_session/Preview Content\"";
				DEVELOPMENT_TEAM = F7Q8Z8A9XT;
				ENABLE_PREVIEWS = YES;
				GENERATE_INFOPLIST_FILE = YES;
				INFOPLIST_KEY_UIApplicationSceneManifest_Generation = YES;
				INFOPLIST_KEY_UIApplicationSupportsIndirectInputEvents = YES;
				INFOPLIST_KEY_UILaunchScreen_Generation = YES;
				INFOPLIST_KEY_UISupportedInterfaceOrientations_iPad = "UIInterfaceOrientationPortrait UIInterfaceOrientationPortraitUpsideDown UIInterfaceOrientationLandscapeLeft UIInterfaceOrientationLandscapeRight";
				INFOPLIST_KEY_UISupportedInterfaceOrientations_iPhone = "UIInterfaceOrientationPortrait UIInterfaceOrientationLandscapeLeft UIInterfaceOrientationLandscapeRight";
				LD_RUNPATH_SEARCH_PATHS = (
					"$(inherited)",
					"@executable_path/Frameworks",
				);
				MARKETING_VERSION = 1.0;
				PRODUCT_BUNDLE_IDENTIFIER = "Kucing.Cloudkit-session";
				PRODUCT_NAME = "$(TARGET_NAME)";
				SWIFT_EMIT_LOC_STRINGS = YES;
				SWIFT_VERSION = 5.0;
				TARGETED_DEVICE_FAMILY = "1,2";
			};
			name = Release;
		};
		43F946012C72377800599111 /* Debug */ = {
			isa = XCBuildConfiguration;
			buildSettings = {
				ALWAYS_EMBED_SWIFT_STANDARD_LIBRARIES = YES;
				BUNDLE_LOADER = "$(TEST_HOST)";
				CODE_SIGN_STYLE = Automatic;
				CURRENT_PROJECT_VERSION = 1;
				DEVELOPMENT_TEAM = F7Q8Z8A9XT;
				GENERATE_INFOPLIST_FILE = YES;
				IPHONEOS_DEPLOYMENT_TARGET = 17.2;
				MARKETING_VERSION = 1.0;
				PRODUCT_BUNDLE_IDENTIFIER = "Kucing.Cloudkit-sessionTests";
				PRODUCT_NAME = "$(TARGET_NAME)";
				SWIFT_EMIT_LOC_STRINGS = NO;
				SWIFT_VERSION = 5.0;
				TARGETED_DEVICE_FAMILY = "1,2";
				TEST_HOST = "$(BUILT_PRODUCTS_DIR)/Cloudkit_session.app/$(BUNDLE_EXECUTABLE_FOLDER_PATH)/Cloudkit_session";
			};
			name = Debug;
		};
		43F946022C72377800599111 /* Release */ = {
			isa = XCBuildConfiguration;
			buildSettings = {
				ALWAYS_EMBED_SWIFT_STANDARD_LIBRARIES = YES;
				BUNDLE_LOADER = "$(TEST_HOST)";
				CODE_SIGN_STYLE = Automatic;
				CURRENT_PROJECT_VERSION = 1;
				DEVELOPMENT_TEAM = F7Q8Z8A9XT;
				GENERATE_INFOPLIST_FILE = YES;
				IPHONEOS_DEPLOYMENT_TARGET = 17.2;
				MARKETING_VERSION = 1.0;
				PRODUCT_BUNDLE_IDENTIFIER = "Kucing.Cloudkit-sessionTests";
				PRODUCT_NAME = "$(TARGET_NAME)";
				SWIFT_EMIT_LOC_STRINGS = NO;
				SWIFT_VERSION = 5.0;
				TARGETED_DEVICE_FAMILY = "1,2";
				TEST_HOST = "$(BUILT_PRODUCTS_DIR)/Cloudkit_session.app/$(BUNDLE_EXECUTABLE_FOLDER_PATH)/Cloudkit_session";
			};
			name = Release;
		};
		43F946042C72377800599111 /* Debug */ = {
			isa = XCBuildConfiguration;
			buildSettings = {
				ALWAYS_EMBED_SWIFT_STANDARD_LIBRARIES = YES;
				CODE_SIGN_STYLE = Automatic;
				CURRENT_PROJECT_VERSION = 1;
				DEVELOPMENT_TEAM = F7Q8Z8A9XT;
				GENERATE_INFOPLIST_FILE = YES;
				MARKETING_VERSION = 1.0;
				PRODUCT_BUNDLE_IDENTIFIER = "Kucing.Cloudkit-sessionUITests";
				PRODUCT_NAME = "$(TARGET_NAME)";
				SWIFT_EMIT_LOC_STRINGS = NO;
				SWIFT_VERSION = 5.0;
				TARGETED_DEVICE_FAMILY = "1,2";
				TEST_TARGET_NAME = Cloudkit_session;
			};
			name = Debug;
		};
		43F946052C72377800599111 /* Release */ = {
			isa = XCBuildConfiguration;
			buildSettings = {
				ALWAYS_EMBED_SWIFT_STANDARD_LIBRARIES = YES;
				CODE_SIGN_STYLE = Automatic;
				CURRENT_PROJECT_VERSION = 1;
				DEVELOPMENT_TEAM = F7Q8Z8A9XT;
				GENERATE_INFOPLIST_FILE = YES;
				MARKETING_VERSION = 1.0;
				PRODUCT_BUNDLE_IDENTIFIER = "Kucing.Cloudkit-sessionUITests";
				PRODUCT_NAME = "$(TARGET_NAME)";
				SWIFT_EMIT_LOC_STRINGS = NO;
				SWIFT_VERSION = 5.0;
				TARGETED_DEVICE_FAMILY = "1,2";
				TEST_TARGET_NAME = Cloudkit_session;
			};
			name = Release;
		};
/* End XCBuildConfiguration section */

/* Begin XCConfigurationList section */
		43F945D42C72377700599111 /* Build configuration list for PBXProject "Cloudkit_session" */ = {
			isa = XCConfigurationList;
			buildConfigurations = (
				43F945FB2C72377800599111 /* Debug */,
				43F945FC2C72377800599111 /* Release */,
			);
			defaultConfigurationIsVisible = 0;
			defaultConfigurationName = Release;
		};
		43F945FD2C72377800599111 /* Build configuration list for PBXNativeTarget "Cloudkit_session" */ = {
			isa = XCConfigurationList;
			buildConfigurations = (
				43F945FE2C72377800599111 /* Debug */,
				43F945FF2C72377800599111 /* Release */,
			);
			defaultConfigurationIsVisible = 0;
			defaultConfigurationName = Release;
		};
		43F946002C72377800599111 /* Build configuration list for PBXNativeTarget "Cloudkit_sessionTests" */ = {
			isa = XCConfigurationList;
			buildConfigurations = (
				43F946012C72377800599111 /* Debug */,
				43F946022C72377800599111 /* Release */,
			);
			defaultConfigurationIsVisible = 0;
			defaultConfigurationName = Release;
		};
		43F946032C72377800599111 /* Build configuration list for PBXNativeTarget "Cloudkit_sessionUITests" */ = {
			isa = XCConfigurationList;
			buildConfigurations = (
				43F946042C72377800599111 /* Debug */,
				43F946052C72377800599111 /* Release */,
			);
			defaultConfigurationIsVisible = 0;
			defaultConfigurationName = Release;
		};
/* End XCConfigurationList section */
	};
	rootObject = 43F945D12C72377700599111 /* Project object */;
}
